
Microsoft Visual Studio Solution File, Format Version 12.00
# RemObjects Fire
Project("{656346D9-4656-40DA-A068-22D5425D4639}") = "CodegGen4 (.NET)", "CodeGen4.Echoes.elements", "{2C3408F4-2270-4310-9A38-6A5296129576}"
EndProject
Project("{656346D9-4656-40DA-A068-22D5425D4639}") = "CodegGen4 (Cocoa)", "CodeGen4.Toffee.elements", "{EA4135EC-C7A2-454F-A53C-A9B6FE92DA94}"
EndProject
Project("{656346D9-4656-40DA-A068-22D5425D4639}") = "CodegGen4 (Island)", "CodeGen4.Island.elements", "{9D54D745-25D9-418E-913A-8D0C292E1C5B}"
EndProject
Project("{656346D9-4656-40DA-A068-22D5425D4639}") = "CodegGen4 (Java)", "CodeGen4.Cooper.elements", "{258FD135-ABBB-46D5-8B7E-00266CD01152}"
EndProject
Project("{656346D9-4656-40DA-A068-22D5425D4639}") = "CodegGen4 (Shared)", "Codegen4.Shared.elements", "{615FC69D-8D8A-4996-9D58-B042CD883941}"
EndProject
Project("{656346D9-4656-40DA-A068-22D5425D4639}") = "Playground", "Tests\Playground\Playground.elements", "{FE58CBFE-5EFA-4E2A-8CE8-291682A121B0}"
EndProject
Global
	GlobalSection(SolutionConfigurationPlatforms) = preSolution
		Debug|AnyCPU = Debug|AnyCPU
		Release|AnyCPU = Release|AnyCPU
	EndGlobalSection
	GlobalSection(ProjectConfigurationPlatforms) = postSolution
		{2C3408F4-2270-4310-9A38-6A5296129576}.Debug|AnyCPU.ActiveCfg = Debug|AnyCPU
		{2C3408F4-2270-4310-9A38-6A5296129576}.Debug|AnyCPU.Build.0 = Debug|AnyCPU
		{2C3408F4-2270-4310-9A38-6A5296129576}.Release|AnyCPU.ActiveCfg = Release|AnyCPU
		{2C3408F4-2270-4310-9A38-6A5296129576}.Release|AnyCPU.Build.0 = Release|AnyCPU
		{EA4135EC-C7A2-454F-A53C-A9B6FE92DA94}.Debug|AnyCPU.ActiveCfg = Debug|AnyCPU
		{EA4135EC-C7A2-454F-A53C-A9B6FE92DA94}.Debug|AnyCPU.Build.0 = Debug|AnyCPU
		{EA4135EC-C7A2-454F-A53C-A9B6FE92DA94}.Release|AnyCPU.ActiveCfg = Release|AnyCPU
		{EA4135EC-C7A2-454F-A53C-A9B6FE92DA94}.Release|AnyCPU.Build.0 = Release|AnyCPU
		{9D54D745-25D9-418E-913A-8D0C292E1C5B}.Debug|AnyCPU.ActiveCfg = Debug|AnyCPU
		{9D54D745-25D9-418E-913A-8D0C292E1C5B}.Debug|AnyCPU.Build.0 = Debug|AnyCPU
		{9D54D745-25D9-418E-913A-8D0C292E1C5B}.Release|AnyCPU.ActiveCfg = Release|AnyCPU
		{9D54D745-25D9-418E-913A-8D0C292E1C5B}.Release|AnyCPU.Build.0 = Release|AnyCPU
		{258FD135-ABBB-46D5-8B7E-00266CD01152}.Debug|AnyCPU.ActiveCfg = Debug|AnyCPU
		{258FD135-ABBB-46D5-8B7E-00266CD01152}.Debug|AnyCPU.Build.0 = Debug|AnyCPU
		{258FD135-ABBB-46D5-8B7E-00266CD01152}.Release|AnyCPU.ActiveCfg = Release|AnyCPU
		{258FD135-ABBB-46D5-8B7E-00266CD01152}.Release|AnyCPU.Build.0 = Release|AnyCPU
		{FE58CBFE-5EFA-4E2A-8CE8-291682A121B0}.Debug|AnyCPU.ActiveCfg = Debug|AnyCPU
		{FE58CBFE-5EFA-4E2A-8CE8-291682A121B0}.Debug|AnyCPU.Build.0 = Debug|AnyCPU
		{FE58CBFE-5EFA-4E2A-8CE8-291682A121B0}.Release|AnyCPU.ActiveCfg = Release|AnyCPU
		{FE58CBFE-5EFA-4E2A-8CE8-291682A121B0}.Release|AnyCPU.Build.0 = Release|AnyCPU
	EndGlobalSection
	GlobalSection(SolutionProperties) = preSolution
		HideSolutionNode = FALSE
	EndGlobalSection
EndGlobal